
Microsoft Visual Studio Solution File, Format Version 12.00
# Visual Studio Version 17
VisualStudioVersion = 17.10.35013.160
MinimumVisualStudioVersion = 10.0.40219.1
Project("{FAE04EC0-301F-11D3-BF4B-00C04F79EFBC}") = "InheritancePerson", "InheritancePerson.csproj", "{DC7DC91F-42B1-40B1-9439-19FC0116D565}"
EndProject
Project("{FAE04EC0-301F-11D3-BF4B-00C04F79EFBC}") = "Reflection", "..\Reflection\Reflection.csproj", "{BE2CC89C-3AAD-42D8-9D92-BFBB9CBFA3AF}"
EndProject
Global
	GlobalSection(SolutionConfigurationPlatforms) = preSolution
		Debug|Any CPU = Debug|Any CPU
		Release|Any CPU = Release|Any CPU
	EndGlobalSection
	GlobalSection(ProjectConfigurationPlatforms) = postSolution
		{DC7DC91F-42B1-40B1-9439-19FC0116D565}.Debug|Any CPU.ActiveCfg = Debug|Any CPU
		{DC7DC91F-42B1-40B1-9439-19FC0116D565}.Debug|Any CPU.Build.0 = Debug|Any CPU
		{DC7DC91F-42B1-40B1-9439-19FC0116D565}.Release|Any CPU.ActiveCfg = Release|Any CPU
		{DC7DC91F-42B1-40B1-9439-19FC0116D565}.Release|Any CPU.Build.0 = Release|Any CPU
		{BE2CC89C-3AAD-42D8-9D92-BFBB9CBFA3AF}.Debug|Any CPU.ActiveCfg = Debug|Any CPU
		{BE2CC89C-3AAD-42D8-9D92-BFBB9CBFA3AF}.Debug|Any CPU.Build.0 = Debug|Any CPU
		{BE2CC89C-3AAD-42D8-9D92-BFBB9CBFA3AF}.Release|Any CPU.ActiveCfg = Release|Any CPU
		{BE2CC89C-3AAD-42D8-9D92-BFBB9CBFA3AF}.Release|Any CPU.Build.0 = Release|Any CPU
	EndGlobalSection
	GlobalSection(SolutionProperties) = preSolution
		HideSolutionNode = FALSE
	EndGlobalSection
	GlobalSection(ExtensibilityGlobals) = postSolution
		SolutionGuid = {0CF5319E-6191-4B24-9DF1-B6C6D55C06AB}
	EndGlobalSection
EndGlobal
